{
  "name": "@indra.ai/servicesdeva",
  "version": "0.0.25",
  "lockfileVersion": 3,
  "requires": true,
  "packages": {
    "": {
      "name": "@indra.ai/servicesdeva",
      "version": "0.0.25",
      "license": "MIT",
      "dependencies": {
        "@indra.ai/deva": "^1.1.112"
      }
    },
    "node_modules/@indra.ai/deva": {
      "version": "1.1.112",
      "resolved": "https://registry.npmjs.org/@indra.ai/deva/-/deva-1.1.112.tgz",
      "integrity": "sha512-dYOuWOxHRQIsY4pht0CrQofHJibf9VbLZeCUMmRVreDmNW7ByFeNDPFTJ+u/p1mi6TIaoSTidjKd/aKEP8luaQ==",
      "engines": {
        "node": ">=18.16.0",
        "npm": ">=9.5.1"
      }
    }
  }
}
