{
  "name": "@indra.ai/servicesdeva",
  "version": "0.0.29",
  "lockfileVersion": 3,
  "requires": true,
  "packages": {
    "": {
      "name": "@indra.ai/servicesdeva",
      "version": "0.0.29",
      "license": "MIT",
      "dependencies": {
        "@indra.ai/deva": "^1.1.116"
      }
    },
    "node_modules/@indra.ai/deva": {
      "version": "1.1.116",
      "resolved": "https://registry.npmjs.org/@indra.ai/deva/-/deva-1.1.116.tgz",
      "integrity": "sha512-757k7y+biCMwIhDo9iYHzlL/y0QOqHlr47jmC8dNOiumL6MukB/AfSTUvo/fzvI620Sq9NPXO378OKSGILaeCg==",
      "engines": {
        "node": ">=18.16.0",
        "npm": ">=9.5.1"
      }
    }
  }
}
