{
  "name": "@indra.ai/servicesdeva",
  "version": "0.0.13",
  "lockfileVersion": 3,
  "requires": true,
  "packages": {
    "": {
      "name": "@indra.ai/servicesdeva",
      "version": "0.0.13",
      "license": "MIT",
      "dependencies": {
        "@indra.ai/deva": "^1.1.41"
      }
    },
    "node_modules/@indra.ai/deva": {
      "version": "1.1.48",
      "resolved": "https://registry.npmjs.org/@indra.ai/deva/-/deva-1.1.48.tgz",
      "integrity": "sha512-WGrDfqV3JUnBtirblS5/2na8YqZhYkem6wPN1zbnzm3NVVV+rMf/7Np0OAUbNYWAcClPntcYOLcKkBMgENvduA==",
      "engines": {
        "node": ">=10.0.0",
        "npm": ">=6.0.0"
      }
    }
  }
}
